
Microsoft Visual Studio Solution File, Format Version 12.00
# Visual Studio Version 17
VisualStudioVersion = 17.7.34202.233
MinimumVisualStudioVersion = 10.0.40219.1
Project("{9A19103F-16F7-4668-BE54-9A1E7A4F7556}") = "torsani.giacomo.4i.stampante", "torsani.giacomo.4i.stampante\torsani.giacomo.4i.stampante.csproj", "{3FDD7492-4702-4DC5-8D46-5038361072B0}"
EndProject
Project("{2150E333-8FDC-42A3-9474-1A3956D46DE8}") = "Elementi di soluzione", "Elementi di soluzione", "{F8A3C35E-C7E7-4D21-87B7-64D5F8459759}"
	ProjectSection(SolutionItems) = preProject
		salvataggi.csv = salvataggi.csv
	EndProjectSection
EndProject
Global
	GlobalSection(SolutionConfigurationPlatforms) = preSolution
		Debug|Any CPU = Debug|Any CPU
		Release|Any CPU = Release|Any CPU
	EndGlobalSection
	GlobalSection(ProjectConfigurationPlatforms) = postSolution
		{3FDD7492-4702-4DC5-8D46-5038361072B0}.Debug|Any CPU.ActiveCfg = Debug|Any CPU
		{3FDD7492-4702-4DC5-8D46-5038361072B0}.Debug|Any CPU.Build.0 = Debug|Any CPU
		{3FDD7492-4702-4DC5-8D46-5038361072B0}.Release|Any CPU.ActiveCfg = Release|Any CPU
		{3FDD7492-4702-4DC5-8D46-5038361072B0}.Release|Any CPU.Build.0 = Release|Any CPU
	EndGlobalSection
	GlobalSection(SolutionProperties) = preSolution
		HideSolutionNode = FALSE
	EndGlobalSection
	GlobalSection(ExtensibilityGlobals) = postSolution
		SolutionGuid = {089932D3-D085-4A68-AB9E-6F28DA9D7459}
	EndGlobalSection
EndGlobal
